
Microsoft Visual Studio Solution File, Format Version 12.00
# Visual Studio Version 16
VisualStudioVersion = 16.0.29424.173
MinimumVisualStudioVersion = 10.0.40219.1
Project("{9A19103F-16F7-4668-BE54-9A1E7A4F7556}") = "YS.Time.Core", "src\YS.Time.Core\YS.Time.Core.csproj", "{9F8A88A3-6BCC-454A-987A-695A7795CC25}"
EndProject
Project("{2150E333-8FDC-42A3-9474-1A3956D46DE8}") = "src", "src", "{62ABDAE0-D6DA-4042-AA76-04472C50CF96}"
EndProject
Project("{2150E333-8FDC-42A3-9474-1A3956D46DE8}") = "test", "test", "{8C3819DF-CF9C-4BA5-986F-F14150462069}"
EndProject
Project("{9A19103F-16F7-4668-BE54-9A1E7A4F7556}") = "YS.Time.Impl.Local", "src\YS.Time.Impl.Local\YS.Time.Impl.Local.csproj", "{076B7012-8A1C-4DE3-AE7A-EA3DF4CDD19F}"
EndProject
Project("{9A19103F-16F7-4668-BE54-9A1E7A4F7556}") = "YS.Time.Core.UnitTest", "test\YS.Time.Core.UnitTest\YS.Time.Core.UnitTest.csproj", "{042A2236-40BC-4408-943C-CE47A48CA2C9}"
EndProject
Project("{9A19103F-16F7-4668-BE54-9A1E7A4F7556}") = "YS.Time.Impl.Local.UnitTest", "test\YS.Time.Impl.Local.UnitTest\YS.Time.Impl.Local.UnitTest.csproj", "{FFC9456F-35D0-420B-93E9-8FB938A01D67}"
EndProject
Project("{9A19103F-16F7-4668-BE54-9A1E7A4F7556}") = "YS.Time.Impl.Redis", "src\YS.Time.Impl.Redis\YS.Time.Impl.Redis.csproj", "{45FC2E7F-6F06-4359-BC66-62A37F805816}"
EndProject
Project("{FAE04EC0-301F-11D3-BF4B-00C04F79EFBC}") = "YS.Time.Impl.Remote", "src\YS.Time.Impl.Remote\YS.Time.Impl.Remote.csproj", "{66FEBCE7-C992-47F7-9A81-38C281E473ED}"
EndProject
Project("{FAE04EC0-301F-11D3-BF4B-00C04F79EFBC}") = "YS.Time.Impl.Redis.UnitTest", "test\YS.Time.Impl.Redis.UnitTest\YS.Time.Impl.Redis.UnitTest.csproj", "{FEF46171-4946-4C6C-A6F7-F8B48504DFBC}"
EndProject
Global
	GlobalSection(SolutionConfigurationPlatforms) = preSolution
		Debug|Any CPU = Debug|Any CPU
		Release|Any CPU = Release|Any CPU
	EndGlobalSection
	GlobalSection(ProjectConfigurationPlatforms) = postSolution
		{9F8A88A3-6BCC-454A-987A-695A7795CC25}.Debug|Any CPU.ActiveCfg = Debug|Any CPU
		{9F8A88A3-6BCC-454A-987A-695A7795CC25}.Debug|Any CPU.Build.0 = Debug|Any CPU
		{9F8A88A3-6BCC-454A-987A-695A7795CC25}.Release|Any CPU.ActiveCfg = Release|Any CPU
		{9F8A88A3-6BCC-454A-987A-695A7795CC25}.Release|Any CPU.Build.0 = Release|Any CPU
		{076B7012-8A1C-4DE3-AE7A-EA3DF4CDD19F}.Debug|Any CPU.ActiveCfg = Debug|Any CPU
		{076B7012-8A1C-4DE3-AE7A-EA3DF4CDD19F}.Debug|Any CPU.Build.0 = Debug|Any CPU
		{076B7012-8A1C-4DE3-AE7A-EA3DF4CDD19F}.Release|Any CPU.ActiveCfg = Release|Any CPU
		{076B7012-8A1C-4DE3-AE7A-EA3DF4CDD19F}.Release|Any CPU.Build.0 = Release|Any CPU
		{042A2236-40BC-4408-943C-CE47A48CA2C9}.Debug|Any CPU.ActiveCfg = Debug|Any CPU
		{042A2236-40BC-4408-943C-CE47A48CA2C9}.Debug|Any CPU.Build.0 = Debug|Any CPU
		{042A2236-40BC-4408-943C-CE47A48CA2C9}.Release|Any CPU.ActiveCfg = Release|Any CPU
		{042A2236-40BC-4408-943C-CE47A48CA2C9}.Release|Any CPU.Build.0 = Release|Any CPU
		{FFC9456F-35D0-420B-93E9-8FB938A01D67}.Debug|Any CPU.ActiveCfg = Debug|Any CPU
		{FFC9456F-35D0-420B-93E9-8FB938A01D67}.Debug|Any CPU.Build.0 = Debug|Any CPU
		{FFC9456F-35D0-420B-93E9-8FB938A01D67}.Release|Any CPU.ActiveCfg = Release|Any CPU
		{FFC9456F-35D0-420B-93E9-8FB938A01D67}.Release|Any CPU.Build.0 = Release|Any CPU
		{45FC2E7F-6F06-4359-BC66-62A37F805816}.Debug|Any CPU.ActiveCfg = Debug|Any CPU
		{45FC2E7F-6F06-4359-BC66-62A37F805816}.Debug|Any CPU.Build.0 = Debug|Any CPU
		{45FC2E7F-6F06-4359-BC66-62A37F805816}.Release|Any CPU.ActiveCfg = Release|Any CPU
		{45FC2E7F-6F06-4359-BC66-62A37F805816}.Release|Any CPU.Build.0 = Release|Any CPU
		{66FEBCE7-C992-47F7-9A81-38C281E473ED}.Debug|Any CPU.ActiveCfg = Debug|Any CPU
		{66FEBCE7-C992-47F7-9A81-38C281E473ED}.Debug|Any CPU.Build.0 = Debug|Any CPU
		{66FEBCE7-C992-47F7-9A81-38C281E473ED}.Release|Any CPU.ActiveCfg = Release|Any CPU
		{66FEBCE7-C992-47F7-9A81-38C281E473ED}.Release|Any CPU.Build.0 = Release|Any CPU
		{FEF46171-4946-4C6C-A6F7-F8B48504DFBC}.Debug|Any CPU.ActiveCfg = Debug|Any CPU
		{FEF46171-4946-4C6C-A6F7-F8B48504DFBC}.Debug|Any CPU.Build.0 = Debug|Any CPU
		{FEF46171-4946-4C6C-A6F7-F8B48504DFBC}.Release|Any CPU.ActiveCfg = Release|Any CPU
		{FEF46171-4946-4C6C-A6F7-F8B48504DFBC}.Release|Any CPU.Build.0 = Release|Any CPU
	EndGlobalSection
	GlobalSection(SolutionProperties) = preSolution
		HideSolutionNode = FALSE
	EndGlobalSection
	GlobalSection(NestedProjects) = preSolution
		{9F8A88A3-6BCC-454A-987A-695A7795CC25} = {62ABDAE0-D6DA-4042-AA76-04472C50CF96}
		{076B7012-8A1C-4DE3-AE7A-EA3DF4CDD19F} = {62ABDAE0-D6DA-4042-AA76-04472C50CF96}
		{042A2236-40BC-4408-943C-CE47A48CA2C9} = {8C3819DF-CF9C-4BA5-986F-F14150462069}
		{FFC9456F-35D0-420B-93E9-8FB938A01D67} = {8C3819DF-CF9C-4BA5-986F-F14150462069}
		{45FC2E7F-6F06-4359-BC66-62A37F805816} = {62ABDAE0-D6DA-4042-AA76-04472C50CF96}
		{66FEBCE7-C992-47F7-9A81-38C281E473ED} = {62ABDAE0-D6DA-4042-AA76-04472C50CF96}
		{FEF46171-4946-4C6C-A6F7-F8B48504DFBC} = {8C3819DF-CF9C-4BA5-986F-F14150462069}
	EndGlobalSection
	GlobalSection(ExtensibilityGlobals) = postSolution
		SolutionGuid = {DB11BB21-3F5D-42D6-8737-F19C0666F1F8}
	EndGlobalSection
EndGlobal
